
Microsoft Visual Studio Solution File, Format Version 12.00
# Visual Studio 15
VisualStudioVersion = 15.0.28010.2041
MinimumVisualStudioVersion = 10.0.40219.1
Project("{8BC9CEB8-8B4A-11D0-8D11-00A0C91BC942}") = "TVRemoteControl", "TVRemoteControl\TVRemoteControl.vcxproj", "{AFFA8093-BE9B-4A93-9DDB-2EEAEC1AFA33}"
EndProject
Global
	GlobalSection(SolutionConfigurationPlatforms) = preSolution
		Debug|x64 = Debug|x64
		Debug|x86 = Debug|x86
		Release|x64 = Release|x64
		Release|x86 = Release|x86
	EndGlobalSection
	GlobalSection(ProjectConfigurationPlatforms) = postSolution
		{AFFA8093-BE9B-4A93-9DDB-2EEAEC1AFA33}.Debug|x64.ActiveCfg = Debug|x64
		{AFFA8093-BE9B-4A93-9DDB-2EEAEC1AFA33}.Debug|x64.Build.0 = Debug|x64
		{AFFA8093-BE9B-4A93-9DDB-2EEAEC1AFA33}.Debug|x86.ActiveCfg = Debug|Win32
		{AFFA8093-BE9B-4A93-9DDB-2EEAEC1AFA33}.Debug|x86.Build.0 = Debug|Win32
		{AFFA8093-BE9B-4A93-9DDB-2EEAEC1AFA33}.Release|x64.ActiveCfg = Release|x64
		{AFFA8093-BE9B-4A93-9DDB-2EEAEC1AFA33}.Release|x64.Build.0 = Release|x64
		{AFFA8093-BE9B-4A93-9DDB-2EEAEC1AFA33}.Release|x86.ActiveCfg = Release|Win32
		{AFFA8093-BE9B-4A93-9DDB-2EEAEC1AFA33}.Release|x86.Build.0 = Release|Win32
	EndGlobalSection
	GlobalSection(SolutionProperties) = preSolution
		HideSolutionNode = FALSE
	EndGlobalSection
	GlobalSection(ExtensibilityGlobals) = postSolution
		SolutionGuid = {4BDF590E-0EA9-4A31-B78D-E5204786D0F2}
	EndGlobalSection
EndGlobal
